// !$*UTF8*$!
{
	archiveVersion = 1;
	classes = {
	};
	objectVersion = 55;
	objects = {

/* Begin PBXBuildFile section */
		C7450BEA271F39EB00C2F9A8 /* CustomTabBarSwiftUIApp.swift in Sources */ = {isa = PBXBuildFile; fileRef = C7450BE9271F39EB00C2F9A8 /* CustomTabBarSwiftUIApp.swift */; };
		C7450BEC271F39EB00C2F9A8 /* ContentView.swift in Sources */ = {isa = PBXBuildFile; fileRef = C7450BEB271F39EB00C2F9A8 /* ContentView.swift */; };
		C7450BEE271F39EC00C2F9A8 /* Assets.xcassets in Resources */ = {isa = PBXBuildFile; fileRef = C7450BED271F39EC00C2F9A8 /* Assets.xcassets */; };
		C7450BF1271F39EC00C2F9A8 /* Preview Assets.xcassets in Resources */ = {isa = PBXBuildFile; fileRef = C7450BF0271F39EC00C2F9A8 /* Preview Assets.xcassets */; };
		C7450BFC271F46A500C2F9A8 /* CustomTabBarView.swift in Sources */ = {isa = PBXBuildFile; fileRef = C7450BFB271F46A500C2F9A8 /* CustomTabBarView.swift */; };
		C7450BFF271F477F00C2F9A8 /* Home.swift in Sources */ = {isa = PBXBuildFile; fileRef = C7450BFE271F477F00C2F9A8 /* Home.swift */; };
		C7450C02271F4C9300C2F9A8 /* ViewModifier.swift in Sources */ = {isa = PBXBuildFile; fileRef = C7450C01271F4C9300C2F9A8 /* ViewModifier.swift */; };
		C7450C05271F4CC400C2F9A8 /* View+Extension.swift in Sources */ = {isa = PBXBuildFile; fileRef = C7450C04271F4CC400C2F9A8 /* View+Extension.swift */; };
		C7450C07271F511600C2F9A8 /* TabCurveShape.swift in Sources */ = {isa = PBXBuildFile; fileRef = C7450C06271F511600C2F9A8 /* TabCurveShape.swift */; };
/* End PBXBuildFile section */

/* Begin PBXFileReference section */
		C7450BE6271F39EB00C2F9A8 /* CustomTabBarSwiftUI.app */ = {isa = PBXFileReference; explicitFileType = wrapper.application; includeInIndex = 0; path = CustomTabBarSwiftUI.app; sourceTree = BUILT_PRODUCTS_DIR; };
		C7450BE9271F39EB00C2F9A8 /* CustomTabBarSwiftUIApp.swift */ = {isa = PBXFileReference; lastKnownFileType = sourcecode.swift; path = CustomTabBarSwiftUIApp.swift; sourceTree = "<group>"; };
		C7450BEB271F39EB00C2F9A8 /* ContentView.swift */ = {isa = PBXFileReference; lastKnownFileType = sourcecode.swift; path = ContentView.swift; sourceTree = "<group>"; };
		C7450BED271F39EC00C2F9A8 /* Assets.xcassets */ = {isa = PBXFileReference; lastKnownFileType = folder.assetcatalog; path = Assets.xcassets; sourceTree = "<group>"; };
		C7450BF0271F39EC00C2F9A8 /* Preview Assets.xcassets */ = {isa = PBXFileReference; lastKnownFileType = folder.assetcatalog; path = "Preview Assets.xcassets"; sourceTree = "<group>"; };
		C7450BFB271F46A500C2F9A8 /* CustomTabBarView.swift */ = {isa = PBXFileReference; lastKnownFileType = sourcecode.swift; path = CustomTabBarView.swift; sourceTree = "<group>"; };
		C7450BFE271F477F00C2F9A8 /* Home.swift */ = {isa = PBXFileReference; lastKnownFileType = sourcecode.swift; path = Home.swift; sourceTree = "<group>"; };
		C7450C01271F4C9300C2F9A8 /* ViewModifier.swift */ = {isa = PBXFileReference; lastKnownFileType = sourcecode.swift; path = ViewModifier.swift; sourceTree = "<group>"; };
		C7450C04271F4CC400C2F9A8 /* View+Extension.swift */ = {isa = PBXFileReference; lastKnownFileType = sourcecode.swift; path = "View+Extension.swift"; sourceTree = "<group>"; };
		C7450C06271F511600C2F9A8 /* TabCurveShape.swift */ = {isa = PBXFileReference; lastKnownFileType = sourcecode.swift; path = TabCurveShape.swift; sourceTree = "<group>"; };
/* End PBXFileReference section */

/* Begin PBXFrameworksBuildPhase section */
		C7450BE3271F39EB00C2F9A8 /* Frameworks */ = {
			isa = PBXFrameworksBuildPhase;
			buildActionMask = 2147483647;
			files = (
			);
			runOnlyForDeploymentPostprocessing = 0;
		};
/* End PBXFrameworksBuildPhase section */

/* Begin PBXGroup section */
		C7450BDD271F39EB00C2F9A8 = {
			isa = PBXGroup;
			children = (
				C7450BE8271F39EB00C2F9A8 /* CustomTabBarSwiftUI */,
				C7450BE7271F39EB00C2F9A8 /* Products */,
			);
			sourceTree = "<group>";
		};
		C7450BE7271F39EB00C2F9A8 /* Products */ = {
			isa = PBXGroup;
			children = (
				C7450BE6271F39EB00C2F9A8 /* CustomTabBarSwiftUI.app */,
			);
			name = Products;
			sourceTree = "<group>";
		};
		C7450BE8271F39EB00C2F9A8 /* CustomTabBarSwiftUI */ = {
			isa = PBXGroup;
			children = (
				C7450C08271F5A9C00C2F9A8 /* App */,
				C7450BFD271F477000C2F9A8 /* View */,
				C7450C03271F4CAC00C2F9A8 /* Extension */,
				C7450C00271F4C5E00C2F9A8 /* Modifier */,
				C7450BED271F39EC00C2F9A8 /* Assets.xcassets */,
				C7450BEF271F39EC00C2F9A8 /* Preview Content */,
			);
			path = CustomTabBarSwiftUI;
			sourceTree = "<group>";
		};
		C7450BEF271F39EC00C2F9A8 /* Preview Content */ = {
			isa = PBXGroup;
			children = (
				C7450BF0271F39EC00C2F9A8 /* Preview Assets.xcassets */,
			);
			path = "Preview Content";
			sourceTree = "<group>";
		};
		C7450BFD271F477000C2F9A8 /* View */ = {
			isa = PBXGroup;
			children = (
				C7450BFE271F477F00C2F9A8 /* Home.swift */,
				C7450BFB271F46A500C2F9A8 /* CustomTabBarView.swift */,
				C7450C06271F511600C2F9A8 /* TabCurveShape.swift */,
			);
			path = View;
			sourceTree = "<group>";
		};
		C7450C00271F4C5E00C2F9A8 /* Modifier */ = {
			isa = PBXGroup;
			children = (
				C7450C01271F4C9300C2F9A8 /* ViewModifier.swift */,
			);
			path = Modifier;
			sourceTree = "<group>";
		};
		C7450C03271F4CAC00C2F9A8 /* Extension */ = {
			isa = PBXGroup;
			children = (
				C7450C04271F4CC400C2F9A8 /* View+Extension.swift */,
			);
			path = Extension;
			sourceTree = "<group>";
		};
		C7450C08271F5A9C00C2F9A8 /* App */ = {
			isa = PBXGroup;
			children = (
				C7450BEB271F39EB00C2F9A8 /* ContentView.swift */,
				C7450BE9271F39EB00C2F9A8 /* CustomTabBarSwiftUIApp.swift */,
			);
			path = App;
			sourceTree = "<group>";
		};
/* End PBXGroup section */

/* Begin PBXNativeTarget section */
		C7450BE5271F39EB00C2F9A8 /* CustomTabBarSwiftUI */ = {
			isa = PBXNativeTarget;
			buildConfigurationList = C7450BF4271F39EC00C2F9A8 /* Build configuration list for PBXNativeTarget "CustomTabBarSwiftUI" */;
			buildPhases = (
				C7450BE2271F39EB00C2F9A8 /* Sources */,
				C7450BE3271F39EB00C2F9A8 /* Frameworks */,
				C7450BE4271F39EB00C2F9A8 /* Resources */,
			);
			buildRules = (
			);
			dependencies = (
			);
			name = CustomTabBarSwiftUI;
			productName = CustomTabBarSwiftUI;
			productReference = C7450BE6271F39EB00C2F9A8 /* CustomTabBarSwiftUI.app */;
			productType = "com.apple.product-type.application";
		};
/* End PBXNativeTarget section */

/* Begin PBXProject section */
		C7450BDE271F39EB00C2F9A8 /* Project object */ = {
			isa = PBXProject;
			attributes = {
				BuildIndependentTargetsInParallel = 1;
				LastSwiftUpdateCheck = 1300;
				LastUpgradeCheck = 1300;
				TargetAttributes = {
					C7450BE5271F39EB00C2F9A8 = {
						CreatedOnToolsVersion = 13.0;
					};
				};
			};
			buildConfigurationList = C7450BE1271F39EB00C2F9A8 /* Build configuration list for PBXProject "CustomTabBarSwiftUI" */;
			compatibilityVersion = "Xcode 13.0";
			developmentRegion = en;
			hasScannedForEncodings = 0;
			knownRegions = (
				en,
				Base,
			);
			mainGroup = C7450BDD271F39EB00C2F9A8;
			productRefGroup = C7450BE7271F39EB00C2F9A8 /* Products */;
			projectDirPath = "";
			projectRoot = "";
			targets = (
				C7450BE5271F39EB00C2F9A8 /* CustomTabBarSwiftUI */,
			);
		};
/* End PBXProject section */

/* Begin PBXResourcesBuildPhase section */
		C7450BE4271F39EB00C2F9A8 /* Resources */ = {
			isa = PBXResourcesBuildPhase;
			buildActionMask = 2147483647;
			files = (
				C7450BF1271F39EC00C2F9A8 /* Preview Assets.xcassets in Resources */,
				C7450BEE271F39EC00C2F9A8 /* Assets.xcassets in Resources */,
			);
			runOnlyForDeploymentPostprocessing = 0;
		};
/* End PBXResourcesBuildPhase section */

/* Begin PBXSourcesBuildPhase section */
		C7450BE2271F39EB00C2F9A8 /* Sources */ = {
			isa = PBXSourcesBuildPhase;
			buildActionMask = 2147483647;
			files = (
				C7450C07271F511600C2F9A8 /* TabCurveShape.swift in Sources */,
				C7450BFC271F46A500C2F9A8 /* CustomTabBarView.swift in Sources */,
				C7450C05271F4CC400C2F9A8 /* View+Extension.swift in Sources */,
				C7450BEC271F39EB00C2F9A8 /* ContentView.swift in Sources */,
				C7450BFF271F477F00C2F9A8 /* Home.swift in Sources */,
				C7450C02271F4C9300C2F9A8 /* ViewModifier.swift in Sources */,
				C7450BEA271F39EB00C2F9A8 /* CustomTabBarSwiftUIApp.swift in Sources */,
			);
			runOnlyForDeploymentPostprocessing = 0;
		};
/* End PBXSourcesBuildPhase section */

/* Begin XCBuildConfiguration section */
		C7450BF2271F39EC00C2F9A8 /* Debug */ = {
			isa = XCBuildConfiguration;
			buildSettings = {
				ALWAYS_SEARCH_USER_PATHS = NO;
				CLANG_ANALYZER_NONNULL = YES;
				CLANG_ANALYZER_NUMBER_OBJECT_CONVERSION = YES_AGGRESSIVE;
				CLANG_CXX_LANGUAGE_STANDARD = "gnu++17";
				CLANG_CXX_LIBRARY = "libc++";
				CLANG_ENABLE_MODULES = YES;
				CLANG_ENABLE_OBJC_ARC = YES;
				CLANG_ENABLE_OBJC_WEAK = YES;
				CLANG_WARN_BLOCK_CAPTURE_AUTORELEASING = YES;
				CLANG_WARN_BOOL_CONVERSION = YES;
				CLANG_WARN_COMMA = YES;
				CLANG_WARN_CONSTANT_CONVERSION = YES;
				CLANG_WARN_DEPRECATED_OBJC_IMPLEMENTATIONS = YES;
				CLANG_WARN_DIRECT_OBJC_ISA_USAGE = YES_ERROR;
				CLANG_WARN_DOCUMENTATION_COMMENTS = YES;
				CLANG_WARN_EMPTY_BODY = YES;
				CLANG_WARN_ENUM_CONVERSION = YES;
				CLANG_WARN_INFINITE_RECURSION = YES;
				CLANG_WARN_INT_CONVERSION = YES;
				CLANG_WARN_NON_LITERAL_NULL_CONVERSION = YES;
				CLANG_WARN_OBJC_IMPLICIT_RETAIN_SELF = YES;
				CLANG_WARN_OBJC_LITERAL_CONVERSION = YES;
				CLANG_WARN_OBJC_ROOT_CLASS = YES_ERROR;
				CLANG_WARN_QUOTED_INCLUDE_IN_FRAMEWORK_HEADER = YES;
				CLANG_WARN_RANGE_LOOP_ANALYSIS = YES;
				CLANG_WARN_STRICT_PROTOTYPES = YES;
				CLANG_WARN_SUSPICIOUS_MOVE = YES;
				CLANG_WARN_UNGUARDED_AVAILABILITY = YES_AGGRESSIVE;
				CLANG_WARN_UNREACHABLE_CODE = YES;
				CLANG_WARN__DUPLICATE_METHOD_MATCH = YES;
				COPY_PHASE_STRIP = NO;
				DEBUG_INFORMATION_FORMAT = dwarf;
				ENABLE_STRICT_OBJC_MSGSEND = YES;
				ENABLE_TESTABILITY = YES;
				GCC_C_LANGUAGE_STANDARD = gnu11;
				GCC_DYNAMIC_NO_PIC = NO;
				GCC_NO_COMMON_BLOCKS = YES;
				GCC_OPTIMIZATION_LEVEL = 0;
				GCC_PREPROCESSOR_DEFINITIONS = (
					"DEBUG=1",
					"$(inherited)",
				);
				GCC_WARN_64_TO_32_BIT_CONVERSION = YES;
				GCC_WARN_ABOUT_RETURN_TYPE = YES_ERROR;
				GCC_WARN_UNDECLARED_SELECTOR = YES;
				GCC_WARN_UNINITIALIZED_AUTOS = YES_AGGRESSIVE;
				GCC_WARN_UNUSED_FUNCTION = YES;
				GCC_WARN_UNUSED_VARIABLE = YES;
				IPHONEOS_DEPLOYMENT_TARGET = 15.0;
				MTL_ENABLE_DEBUG_INFO = INCLUDE_SOURCE;
				MTL_FAST_MATH = YES;
				ONLY_ACTIVE_ARCH = YES;
				SDKROOT = iphoneos;
				SWIFT_ACTIVE_COMPILATION_CONDITIONS = DEBUG;
				SWIFT_OPTIMIZATION_LEVEL = "-Onone";
			};
			name = Debug;
		};
		C7450BF3271F39EC00C2F9A8 /* Release */ = {
			isa = XCBuildConfiguration;
			buildSettings = {
				ALWAYS_SEARCH_USER_PATHS = NO;
				CLANG_ANALYZER_NONNULL = YES;
				CLANG_ANALYZER_NUMBER_OBJECT_CONVERSION = YES_AGGRESSIVE;
				CLANG_CXX_LANGUAGE_STANDARD = "gnu++17";
				CLANG_CXX_LIBRARY = "libc++";
				CLANG_ENABLE_MODULES = YES;
				CLANG_ENABLE_OBJC_ARC = YES;
				CLANG_ENABLE_OBJC_WEAK = YES;
				CLANG_WARN_BLOCK_CAPTURE_AUTORELEASING = YES;
				CLANG_WARN_BOOL_CONVERSION = YES;
				CLANG_WARN_COMMA = YES;
				CLANG_WARN_CONSTANT_CONVERSION = YES;
				CLANG_WARN_DEPRECATED_OBJC_IMPLEMENTATIONS = YES;
				CLANG_WARN_DIRECT_OBJC_ISA_USAGE = YES_ERROR;
				CLANG_WARN_DOCUMENTATION_COMMENTS = YES;
				CLANG_WARN_EMPTY_BODY = YES;
				CLANG_WARN_ENUM_CONVERSION = YES;
				CLANG_WARN_INFINITE_RECURSION = YES;
				CLANG_WARN_INT_CONVERSION = YES;
				CLANG_WARN_NON_LITERAL_NULL_CONVERSION = YES;
				CLANG_WARN_OBJC_IMPLICIT_RETAIN_SELF = YES;
				CLANG_WARN_OBJC_LITERAL_CONVERSION = YES;
				CLANG_WARN_OBJC_ROOT_CLASS = YES_ERROR;
				CLANG_WARN_QUOTED_INCLUDE_IN_FRAMEWORK_HEADER = YES;
				CLANG_WARN_RANGE_LOOP_ANALYSIS = YES;
				CLANG_WARN_STRICT_PROTOTYPES = YES;
				CLANG_WARN_SUSPICIOUS_MOVE = YES;
				CLANG_WARN_UNGUARDED_AVAILABILITY = YES_AGGRESSIVE;
				CLANG_WARN_UNREACHABLE_CODE = YES;
				CLANG_WARN__DUPLICATE_METHOD_MATCH = YES;
				COPY_PHASE_STRIP = NO;
				DEBUG_INFORMATION_FORMAT = "dwarf-with-dsym";
				ENABLE_NS_ASSERTIONS = NO;
				ENABLE_STRICT_OBJC_MSGSEND = YES;
				GCC_C_LANGUAGE_STANDARD = gnu11;
				GCC_NO_COMMON_BLOCKS = YES;
				GCC_WARN_64_TO_32_BIT_CONVERSION = YES;
				GCC_WARN_ABOUT_RETURN_TYPE = YES_ERROR;
				GCC_WARN_UNDECLARED_SELECTOR = YES;
				GCC_WARN_UNINITIALIZED_AUTOS = YES_AGGRESSIVE;
				GCC_WARN_UNUSED_FUNCTION = YES;
				GCC_WARN_UNUSED_VARIABLE = YES;
				IPHONEOS_DEPLOYMENT_TARGET = 15.0;
				MTL_ENABLE_DEBUG_INFO = NO;
				MTL_FAST_MATH = YES;
				SDKROOT = iphoneos;
				SWIFT_COMPILATION_MODE = wholemodule;
				SWIFT_OPTIMIZATION_LEVEL = "-O";
				VALIDATE_PRODUCT = YES;
			};
			name = Release;
		};
		C7450BF5271F39EC00C2F9A8 /* Debug */ = {
			isa = XCBuildConfiguration;
			buildSettings = {
				ASSETCATALOG_COMPILER_APPICON_NAME = AppIcon;
				ASSETCATALOG_COMPILER_GLOBAL_ACCENT_COLOR_NAME = AccentColor;
				CODE_SIGN_STYLE = Automatic;
				CURRENT_PROJECT_VERSION = 1;
				DEVELOPMENT_ASSET_PATHS = "\"CustomTabBarSwiftUI/Preview Content\"";
				DEVELOPMENT_TEAM = KHPQ5SJVW3;
				ENABLE_PREVIEWS = YES;
				GENERATE_INFOPLIST_FILE = YES;
				INFOPLIST_KEY_UIApplicationSceneManifest_Generation = YES;
				INFOPLIST_KEY_UIApplicationSupportsIndirectInputEvents = YES;
				INFOPLIST_KEY_UILaunchScreen_Generation = YES;
				INFOPLIST_KEY_UISupportedInterfaceOrientations_iPad = "UIInterfaceOrientationPortrait UIInterfaceOrientationPortraitUpsideDown UIInterfaceOrientationLandscapeLeft UIInterfaceOrientationLandscapeRight";
				INFOPLIST_KEY_UISupportedInterfaceOrientations_iPhone = "UIInterfaceOrientationPortrait UIInterfaceOrientationLandscapeLeft UIInterfaceOrientationLandscapeRight";
				IPHONEOS_DEPLOYMENT_TARGET = 14.0;
				LD_RUNPATH_SEARCH_PATHS = (
					"$(inherited)",
					"@executable_path/Frameworks",
				);
				MARKETING_VERSION = 1.0;
				PRODUCT_BUNDLE_IDENTIFIER = "com.rakibul-hasan.CustomTabBarSwiftUI";
				PRODUCT_NAME = "$(TARGET_NAME)";
				SWIFT_EMIT_LOC_STRINGS = YES;
				SWIFT_VERSION = 5.0;
				TARGETED_DEVICE_FAMILY = "1,2";
			};
			name = Debug;
		};
		C7450BF6271F39EC00C2F9A8 /* Release */ = {
			isa = XCBuildConfiguration;
			buildSettings = {
				ASSETCATALOG_COMPILER_APPICON_NAME = AppIcon;
				ASSETCATALOG_COMPILER_GLOBAL_ACCENT_COLOR_NAME = AccentColor;
				CODE_SIGN_STYLE = Automatic;
				CURRENT_PROJECT_VERSION = 1;
				DEVELOPMENT_ASSET_PATHS = "\"CustomTabBarSwiftUI/Preview Content\"";
				DEVELOPMENT_TEAM = KHPQ5SJVW3;
				ENABLE_PREVIEWS = YES;
				GENERATE_INFOPLIST_FILE = YES;
				INFOPLIST_KEY_UIApplicationSceneManifest_Generation = YES;
				INFOPLIST_KEY_UIApplicationSupportsIndirectInputEvents = YES;
				INFOPLIST_KEY_UILaunchScreen_Generation = YES;
				INFOPLIST_KEY_UISupportedInterfaceOrientations_iPad = "UIInterfaceOrientationPortrait UIInterfaceOrientationPortraitUpsideDown UIInterfaceOrientationLandscapeLeft UIInterfaceOrientationLandscapeRight";
				INFOPLIST_KEY_UISupportedInterfaceOrientations_iPhone = "UIInterfaceOrientationPortrait UIInterfaceOrientationLandscapeLeft UIInterfaceOrientationLandscapeRight";
				IPHONEOS_DEPLOYMENT_TARGET = 14.0;
				LD_RUNPATH_SEARCH_PATHS = (
					"$(inherited)",
					"@executable_path/Frameworks",
				);
				MARKETING_VERSION = 1.0;
				PRODUCT_BUNDLE_IDENTIFIER = "com.rakibul-hasan.CustomTabBarSwiftUI";
				PRODUCT_NAME = "$(TARGET_NAME)";
				SWIFT_EMIT_LOC_STRINGS = YES;
				SWIFT_VERSION = 5.0;
				TARGETED_DEVICE_FAMILY = "1,2";
			};
			name = Release;
		};
/* End XCBuildConfiguration section */

/* Begin XCConfigurationList section */
		C7450BE1271F39EB00C2F9A8 /* Build configuration list for PBXProject "CustomTabBarSwiftUI" */ = {
			isa = XCConfigurationList;
			buildConfigurations = (
				C7450BF2271F39EC00C2F9A8 /* Debug */,
				C7450BF3271F39EC00C2F9A8 /* Release */,
			);
			defaultConfigurationIsVisible = 0;
			defaultConfigurationName = Release;
		};
		C7450BF4271F39EC00C2F9A8 /* Build configuration list for PBXNativeTarget "CustomTabBarSwiftUI" */ = {
			isa = XCConfigurationList;
			buildConfigurations = (
				C7450BF5271F39EC00C2F9A8 /* Debug */,
				C7450BF6271F39EC00C2F9A8 /* Release */,
			);
			defaultConfigurationIsVisible = 0;
			defaultConfigurationName = Release;
		};
/* End XCConfigurationList section */
	};
	rootObject = C7450BDE271F39EB00C2F9A8 /* Project object */;
}
